
Microsoft Visual Studio Solution File, Format Version 12.00
# Visual Studio Version 18
VisualStudioVersion = 18.0.11222.15
MinimumVisualStudioVersion = 10.0.40219.1
Project("{2150E333-8FDC-42A3-9474-1A3956D46DE8}") = "src", "src", "{827E0CD3-B72D-47B6-A68D-7590B98EB39B}"
EndProject
Project("{2150E333-8FDC-42A3-9474-1A3956D46DE8}") = "Shared", "Shared", "{FFBE31B8-50B9-B415-22BC-2F92C97CADA3}"
EndProject
Project("{2150E333-8FDC-42A3-9474-1A3956D46DE8}") = "Services", "Services", "{984BB9B3-3FA3-BE33-9484-CAC21695A33C}"
EndProject
Project("{2150E333-8FDC-42A3-9474-1A3956D46DE8}") = "NotificationService", "NotificationService", "{47931FAB-DBE1-FD8F-0AFF-2CD4B99C52C4}"
EndProject
Project("{FAE04EC0-301F-11D3-BF4B-00C04F79EFBC}") = "NotificationService.Api", "src\Services\NotificationService\NotificationService.Api\NotificationService.Api.csproj", "{2DB203D9-831D-4878-AEC9-A8475CEF38CB}"
EndProject
Project("{2150E333-8FDC-42A3-9474-1A3956D46DE8}") = "OrderService", "OrderService", "{F5625D22-DF6D-6E20-0384-6B2F7CAD8697}"
EndProject
Project("{FAE04EC0-301F-11D3-BF4B-00C04F79EFBC}") = "OrderService.Api", "src\Services\OrderService\OrderService.Api\OrderService.Api.csproj", "{E07D4A77-DEE5-4648-A7CB-600141E30F02}"
EndProject
Project("{2150E333-8FDC-42A3-9474-1A3956D46DE8}") = "StockService", "StockService", "{B7E22DF0-9B92-FCAB-50E5-34265506FA74}"
EndProject
Project("{FAE04EC0-301F-11D3-BF4B-00C04F79EFBC}") = "StockService.Api", "src\Services\StockService\StockService.Api\StockService.Api.csproj", "{4C682921-0C8B-45D3-BBEA-5EF7398BA20E}"
EndProject
Project("{2150E333-8FDC-42A3-9474-1A3956D46DE8}") = "tests", "tests", "{3BFA7493-379B-4F77-AFA9-AB7F52A8464E}"
EndProject
Project("{FAE04EC0-301F-11D3-BF4B-00C04F79EFBC}") = "OrderService.Api.Tests", "tests\OrderService.Api.Tests\OrderService.Api.Tests.csproj", "{1F5DB10F-9331-15FD-D378-6EC9D2B2088B}"
EndProject
Project("{FAE04EC0-301F-11D3-BF4B-00C04F79EFBC}") = "StockService.Api.Tests", "tests\StockService.Api.Tests\StockService.Api.Tests.csproj", "{8231BEDC-2E77-62BD-22C5-83E47A4462BA}"
EndProject
Project("{FAE04EC0-301F-11D3-BF4B-00C04F79EFBC}") = "EcommerceApp.Shared", "src\Shared\EcommerceApp.Shared\EcommerceApp.Shared.csproj", "{EB4AF248-F528-1328-497D-993EEE40F9E6}"
EndProject
Global
	GlobalSection(SolutionConfigurationPlatforms) = preSolution
		Debug|Any CPU = Debug|Any CPU
		Debug|x64 = Debug|x64
		Debug|x86 = Debug|x86
		Release|Any CPU = Release|Any CPU
		Release|x64 = Release|x64
		Release|x86 = Release|x86
	EndGlobalSection
	GlobalSection(ProjectConfigurationPlatforms) = postSolution
		{2DB203D9-831D-4878-AEC9-A8475CEF38CB}.Debug|Any CPU.ActiveCfg = Debug|Any CPU
		{2DB203D9-831D-4878-AEC9-A8475CEF38CB}.Debug|Any CPU.Build.0 = Debug|Any CPU
		{2DB203D9-831D-4878-AEC9-A8475CEF38CB}.Debug|x64.ActiveCfg = Debug|Any CPU
		{2DB203D9-831D-4878-AEC9-A8475CEF38CB}.Debug|x64.Build.0 = Debug|Any CPU
		{2DB203D9-831D-4878-AEC9-A8475CEF38CB}.Debug|x86.ActiveCfg = Debug|Any CPU
		{2DB203D9-831D-4878-AEC9-A8475CEF38CB}.Debug|x86.Build.0 = Debug|Any CPU
		{2DB203D9-831D-4878-AEC9-A8475CEF38CB}.Release|Any CPU.ActiveCfg = Release|Any CPU
		{2DB203D9-831D-4878-AEC9-A8475CEF38CB}.Release|Any CPU.Build.0 = Release|Any CPU
		{2DB203D9-831D-4878-AEC9-A8475CEF38CB}.Release|x64.ActiveCfg = Release|Any CPU
		{2DB203D9-831D-4878-AEC9-A8475CEF38CB}.Release|x64.Build.0 = Release|Any CPU
		{2DB203D9-831D-4878-AEC9-A8475CEF38CB}.Release|x86.ActiveCfg = Release|Any CPU
		{2DB203D9-831D-4878-AEC9-A8475CEF38CB}.Release|x86.Build.0 = Release|Any CPU
		{E07D4A77-DEE5-4648-A7CB-600141E30F02}.Debug|Any CPU.ActiveCfg = Debug|Any CPU
		{E07D4A77-DEE5-4648-A7CB-600141E30F02}.Debug|Any CPU.Build.0 = Debug|Any CPU
		{E07D4A77-DEE5-4648-A7CB-600141E30F02}.Debug|x64.ActiveCfg = Debug|Any CPU
		{E07D4A77-DEE5-4648-A7CB-600141E30F02}.Debug|x64.Build.0 = Debug|Any CPU
		{E07D4A77-DEE5-4648-A7CB-600141E30F02}.Debug|x86.ActiveCfg = Debug|Any CPU
		{E07D4A77-DEE5-4648-A7CB-600141E30F02}.Debug|x86.Build.0 = Debug|Any CPU
		{E07D4A77-DEE5-4648-A7CB-600141E30F02}.Release|Any CPU.ActiveCfg = Release|Any CPU
		{E07D4A77-DEE5-4648-A7CB-600141E30F02}.Release|Any CPU.Build.0 = Release|Any CPU
		{E07D4A77-DEE5-4648-A7CB-600141E30F02}.Release|x64.ActiveCfg = Release|Any CPU
		{E07D4A77-DEE5-4648-A7CB-600141E30F02}.Release|x64.Build.0 = Release|Any CPU
		{E07D4A77-DEE5-4648-A7CB-600141E30F02}.Release|x86.ActiveCfg = Release|Any CPU
		{E07D4A77-DEE5-4648-A7CB-600141E30F02}.Release|x86.Build.0 = Release|Any CPU
		{4C682921-0C8B-45D3-BBEA-5EF7398BA20E}.Debug|Any CPU.ActiveCfg = Debug|Any CPU
		{4C682921-0C8B-45D3-BBEA-5EF7398BA20E}.Debug|Any CPU.Build.0 = Debug|Any CPU
		{4C682921-0C8B-45D3-BBEA-5EF7398BA20E}.Debug|x64.ActiveCfg = Debug|Any CPU
		{4C682921-0C8B-45D3-BBEA-5EF7398BA20E}.Debug|x64.Build.0 = Debug|Any CPU
		{4C682921-0C8B-45D3-BBEA-5EF7398BA20E}.Debug|x86.ActiveCfg = Debug|Any CPU
		{4C682921-0C8B-45D3-BBEA-5EF7398BA20E}.Debug|x86.Build.0 = Debug|Any CPU
		{4C682921-0C8B-45D3-BBEA-5EF7398BA20E}.Release|Any CPU.ActiveCfg = Release|Any CPU
		{4C682921-0C8B-45D3-BBEA-5EF7398BA20E}.Release|Any CPU.Build.0 = Release|Any CPU
		{4C682921-0C8B-45D3-BBEA-5EF7398BA20E}.Release|x64.ActiveCfg = Release|Any CPU
		{4C682921-0C8B-45D3-BBEA-5EF7398BA20E}.Release|x64.Build.0 = Release|Any CPU
		{4C682921-0C8B-45D3-BBEA-5EF7398BA20E}.Release|x86.ActiveCfg = Release|Any CPU
		{4C682921-0C8B-45D3-BBEA-5EF7398BA20E}.Release|x86.Build.0 = Release|Any CPU
		{1F5DB10F-9331-15FD-D378-6EC9D2B2088B}.Debug|Any CPU.ActiveCfg = Debug|Any CPU
		{1F5DB10F-9331-15FD-D378-6EC9D2B2088B}.Debug|Any CPU.Build.0 = Debug|Any CPU
		{1F5DB10F-9331-15FD-D378-6EC9D2B2088B}.Debug|x64.ActiveCfg = Debug|Any CPU
		{1F5DB10F-9331-15FD-D378-6EC9D2B2088B}.Debug|x64.Build.0 = Debug|Any CPU
		{1F5DB10F-9331-15FD-D378-6EC9D2B2088B}.Debug|x86.ActiveCfg = Debug|Any CPU
		{1F5DB10F-9331-15FD-D378-6EC9D2B2088B}.Debug|x86.Build.0 = Debug|Any CPU
		{1F5DB10F-9331-15FD-D378-6EC9D2B2088B}.Release|Any CPU.ActiveCfg = Release|Any CPU
		{1F5DB10F-9331-15FD-D378-6EC9D2B2088B}.Release|Any CPU.Build.0 = Release|Any CPU
		{1F5DB10F-9331-15FD-D378-6EC9D2B2088B}.Release|x64.ActiveCfg = Release|Any CPU
		{1F5DB10F-9331-15FD-D378-6EC9D2B2088B}.Release|x64.Build.0 = Release|Any CPU
		{1F5DB10F-9331-15FD-D378-6EC9D2B2088B}.Release|x86.ActiveCfg = Release|Any CPU
		{1F5DB10F-9331-15FD-D378-6EC9D2B2088B}.Release|x86.Build.0 = Release|Any CPU
		{8231BEDC-2E77-62BD-22C5-83E47A4462BA}.Debug|Any CPU.ActiveCfg = Debug|Any CPU
		{8231BEDC-2E77-62BD-22C5-83E47A4462BA}.Debug|Any CPU.Build.0 = Debug|Any CPU
		{8231BEDC-2E77-62BD-22C5-83E47A4462BA}.Debug|x64.ActiveCfg = Debug|Any CPU
		{8231BEDC-2E77-62BD-22C5-83E47A4462BA}.Debug|x64.Build.0 = Debug|Any CPU
		{8231BEDC-2E77-62BD-22C5-83E47A4462BA}.Debug|x86.ActiveCfg = Debug|Any CPU
		{8231BEDC-2E77-62BD-22C5-83E47A4462BA}.Debug|x86.Build.0 = Debug|Any CPU
		{8231BEDC-2E77-62BD-22C5-83E47A4462BA}.Release|Any CPU.ActiveCfg = Release|Any CPU
		{8231BEDC-2E77-62BD-22C5-83E47A4462BA}.Release|Any CPU.Build.0 = Release|Any CPU
		{8231BEDC-2E77-62BD-22C5-83E47A4462BA}.Release|x64.ActiveCfg = Release|Any CPU
		{8231BEDC-2E77-62BD-22C5-83E47A4462BA}.Release|x64.Build.0 = Release|Any CPU
		{8231BEDC-2E77-62BD-22C5-83E47A4462BA}.Release|x86.ActiveCfg = Release|Any CPU
		{8231BEDC-2E77-62BD-22C5-83E47A4462BA}.Release|x86.Build.0 = Release|Any CPU
		{EB4AF248-F528-1328-497D-993EEE40F9E6}.Debug|Any CPU.ActiveCfg = Debug|Any CPU
		{EB4AF248-F528-1328-497D-993EEE40F9E6}.Debug|Any CPU.Build.0 = Debug|Any CPU
		{EB4AF248-F528-1328-497D-993EEE40F9E6}.Debug|x64.ActiveCfg = Debug|Any CPU
		{EB4AF248-F528-1328-497D-993EEE40F9E6}.Debug|x64.Build.0 = Debug|Any CPU
		{EB4AF248-F528-1328-497D-993EEE40F9E6}.Debug|x86.ActiveCfg = Debug|Any CPU
		{EB4AF248-F528-1328-497D-993EEE40F9E6}.Debug|x86.Build.0 = Debug|Any CPU
		{EB4AF248-F528-1328-497D-993EEE40F9E6}.Release|Any CPU.ActiveCfg = Release|Any CPU
		{EB4AF248-F528-1328-497D-993EEE40F9E6}.Release|Any CPU.Build.0 = Release|Any CPU
		{EB4AF248-F528-1328-497D-993EEE40F9E6}.Release|x64.ActiveCfg = Release|Any CPU
		{EB4AF248-F528-1328-497D-993EEE40F9E6}.Release|x64.Build.0 = Release|Any CPU
		{EB4AF248-F528-1328-497D-993EEE40F9E6}.Release|x86.ActiveCfg = Release|Any CPU
		{EB4AF248-F528-1328-497D-993EEE40F9E6}.Release|x86.Build.0 = Release|Any CPU
	EndGlobalSection
	GlobalSection(SolutionProperties) = preSolution
		HideSolutionNode = FALSE
	EndGlobalSection
	GlobalSection(NestedProjects) = preSolution
		{FFBE31B8-50B9-B415-22BC-2F92C97CADA3} = {827E0CD3-B72D-47B6-A68D-7590B98EB39B}
		{984BB9B3-3FA3-BE33-9484-CAC21695A33C} = {827E0CD3-B72D-47B6-A68D-7590B98EB39B}
		{47931FAB-DBE1-FD8F-0AFF-2CD4B99C52C4} = {984BB9B3-3FA3-BE33-9484-CAC21695A33C}
		{2DB203D9-831D-4878-AEC9-A8475CEF38CB} = {47931FAB-DBE1-FD8F-0AFF-2CD4B99C52C4}
		{F5625D22-DF6D-6E20-0384-6B2F7CAD8697} = {984BB9B3-3FA3-BE33-9484-CAC21695A33C}
		{E07D4A77-DEE5-4648-A7CB-600141E30F02} = {F5625D22-DF6D-6E20-0384-6B2F7CAD8697}
		{B7E22DF0-9B92-FCAB-50E5-34265506FA74} = {984BB9B3-3FA3-BE33-9484-CAC21695A33C}
		{4C682921-0C8B-45D3-BBEA-5EF7398BA20E} = {B7E22DF0-9B92-FCAB-50E5-34265506FA74}
		{1F5DB10F-9331-15FD-D378-6EC9D2B2088B} = {3BFA7493-379B-4F77-AFA9-AB7F52A8464E}
		{8231BEDC-2E77-62BD-22C5-83E47A4462BA} = {3BFA7493-379B-4F77-AFA9-AB7F52A8464E}
		{EB4AF248-F528-1328-497D-993EEE40F9E6} = {FFBE31B8-50B9-B415-22BC-2F92C97CADA3}
	EndGlobalSection
	GlobalSection(ExtensibilityGlobals) = postSolution
		SolutionGuid = {F8FDE024-143C-420D-8251-6CF71E342AF0}
	EndGlobalSection
EndGlobal
